
Microsoft Visual Studio Solution File, Format Version 12.00
Project("{FAE04EC0-301F-11D3-BF4B-00C04F79EFBC}") = "MyLibrary.Domain", "MyLibrary.Domain\MyLibrary.Domain.csproj", "{07389E2B-79F8-4E5C-910B-D5178574DD95}"
EndProject
Project("{FAE04EC0-301F-11D3-BF4B-00C04F79EFBC}") = "MyLibrary.Tests", "MyLibrary.Tests\MyLibrary.Tests.csproj", "{F21D2B4F-4AF6-4852-B13A-E26ECF1B65D6}"
EndProject
Project("{FAE04EC0-301F-11D3-BF4B-00C04F79EFBC}") = "MyLibrary.Infrastructure", "MyLibrary.Infrastructure\MyLibrary.Infrastructure.csproj", "{14B015B8-F10B-4E21-90AB-7D30CB58E973}"
EndProject
Global
	GlobalSection(SolutionConfigurationPlatforms) = preSolution
		Debug|Any CPU = Debug|Any CPU
		Release|Any CPU = Release|Any CPU
	EndGlobalSection
	GlobalSection(ProjectConfigurationPlatforms) = postSolution
		{07389E2B-79F8-4E5C-910B-D5178574DD95}.Debug|Any CPU.ActiveCfg = Debug|Any CPU
		{07389E2B-79F8-4E5C-910B-D5178574DD95}.Debug|Any CPU.Build.0 = Debug|Any CPU
		{07389E2B-79F8-4E5C-910B-D5178574DD95}.Release|Any CPU.ActiveCfg = Release|Any CPU
		{07389E2B-79F8-4E5C-910B-D5178574DD95}.Release|Any CPU.Build.0 = Release|Any CPU
		{F21D2B4F-4AF6-4852-B13A-E26ECF1B65D6}.Debug|Any CPU.ActiveCfg = Debug|Any CPU
		{F21D2B4F-4AF6-4852-B13A-E26ECF1B65D6}.Debug|Any CPU.Build.0 = Debug|Any CPU
		{F21D2B4F-4AF6-4852-B13A-E26ECF1B65D6}.Release|Any CPU.ActiveCfg = Release|Any CPU
		{F21D2B4F-4AF6-4852-B13A-E26ECF1B65D6}.Release|Any CPU.Build.0 = Release|Any CPU
		{14B015B8-F10B-4E21-90AB-7D30CB58E973}.Debug|Any CPU.ActiveCfg = Debug|Any CPU
		{14B015B8-F10B-4E21-90AB-7D30CB58E973}.Debug|Any CPU.Build.0 = Debug|Any CPU
		{14B015B8-F10B-4E21-90AB-7D30CB58E973}.Release|Any CPU.ActiveCfg = Release|Any CPU
		{14B015B8-F10B-4E21-90AB-7D30CB58E973}.Release|Any CPU.Build.0 = Release|Any CPU
	EndGlobalSection
EndGlobal
